
Microsoft Visual Studio Solution File, Format Version 12.00
# Visual Studio Version 17
VisualStudioVersion = 17.1.32228.430
MinimumVisualStudioVersion = 10.0.40219.1
Project("{FAE04EC0-301F-11D3-BF4B-00C04F79EFBC}") = "AirlineProgram3UserStories", "AirlineProgram3UserStories.csproj", "{D8EAC235-CA44-49F6-B0DD-6CEF7A3D59D4}"
EndProject
Global
	GlobalSection(SolutionConfigurationPlatforms) = preSolution
		Debug|Any CPU = Debug|Any CPU
		Release|Any CPU = Release|Any CPU
	EndGlobalSection
	GlobalSection(ProjectConfigurationPlatforms) = postSolution
		{D8EAC235-CA44-49F6-B0DD-6CEF7A3D59D4}.Debug|Any CPU.ActiveCfg = Debug|Any CPU
		{D8EAC235-CA44-49F6-B0DD-6CEF7A3D59D4}.Debug|Any CPU.Build.0 = Debug|Any CPU
		{D8EAC235-CA44-49F6-B0DD-6CEF7A3D59D4}.Release|Any CPU.ActiveCfg = Release|Any CPU
		{D8EAC235-CA44-49F6-B0DD-6CEF7A3D59D4}.Release|Any CPU.Build.0 = Release|Any CPU
	EndGlobalSection
	GlobalSection(SolutionProperties) = preSolution
		HideSolutionNode = FALSE
	EndGlobalSection
	GlobalSection(ExtensibilityGlobals) = postSolution
		SolutionGuid = {0D06E274-87C9-44DE-848C-6AC4ACD36A79}
	EndGlobalSection
EndGlobal
